
Microsoft Visual Studio Solution File, Format Version 12.00
# Visual Studio Version 17
VisualStudioVersion = 17.0.31903.59
MinimumVisualStudioVersion = 10.0.40219.1
Project("{2150E333-8FDC-42A3-9474-1A3956D46DE8}") = "UI", "UI", "{D8D25F19-6B3D-457D-8985-BE1126E6A700}"
EndProject
Project("{9A19103F-16F7-4668-BE54-9A1E7A4F7556}") = "WinFrigg", "UI\WinFrigg\WinFrigg.csproj", "{6027EDCD-05B9-4805-A721-702156BE0353}"
EndProject
Project("{2150E333-8FDC-42A3-9474-1A3956D46DE8}") = "Libs", "Libs", "{38EAB546-BC48-4829-BFF5-7DF906BD997A}"
EndProject
Project("{9A19103F-16F7-4668-BE54-9A1E7A4F7556}") = "Frigg.Devices", "Libs\Frigg.Devices\Frigg.Devices.csproj", "{6003A332-529E-4F66-83AE-D56C04EEC0A8}"
EndProject
Project("{9A19103F-16F7-4668-BE54-9A1E7A4F7556}") = "Frigg.Devices.HackRF", "Libs\Frigg.Devices.HackRF\Frigg.Devices.HackRF.csproj", "{D1681B9D-7A3D-4692-A3F7-8D4437920FB8}"
EndProject
Project("{9A19103F-16F7-4668-BE54-9A1E7A4F7556}") = "Frigg.Devices.WiFi.Windows", "Libs\Frigg.Devices.WiFi.Windows\Frigg.Devices.WiFi.Windows.csproj", "{3F2B7FC7-E653-4DF0-BDDC-C16E23B702FE}"
EndProject
Project("{9A19103F-16F7-4668-BE54-9A1E7A4F7556}") = "Frigg.CTC", "Libs\Frigg.Logic\Frigg.CTC.csproj", "{52DC713F-3441-483B-BD5B-E688A5DED467}"
EndProject
Project("{9A19103F-16F7-4668-BE54-9A1E7A4F7556}") = "Frigg.Common", "Libs\Frigg.Common\Frigg.Common.csproj", "{9BEA4171-9CAC-4EF9-9FD2-BA9832953C1E}"
EndProject
Project("{9A19103F-16F7-4668-BE54-9A1E7A4F7556}") = "Frigg.Python", "Libs\Frigg.Python\Frigg.Python.csproj", "{A55B80A2-B83C-4BEB-8D09-D334BDED98DC}"
EndProject
Project("{2150E333-8FDC-42A3-9474-1A3956D46DE8}") = "Solution Items", "Solution Items", "{8F39A29E-C33F-4B27-AE2D-E466A8E7C5E1}"
	ProjectSection(SolutionItems) = preProject
		.editorconfig = .editorconfig
	EndProjectSection
EndProject
Project("{9A19103F-16F7-4668-BE54-9A1E7A4F7556}") = "Frigg.Model", "Libs\Frigg.Model\Frigg.Model.csproj", "{B2D1688F-E7B8-44F3-94AB-A2D61EC4751F}"
EndProject
Project("{54435603-DBB4-11D2-8724-00A0C9A8B90C}") = "WinFrigg.Setup", "WinFrigg.Setup\WinFrigg.Setup.vdproj", "{FBC66F9E-395B-4665-98F3-ACBAEA7F6426}"
EndProject
Global
	GlobalSection(SolutionConfigurationPlatforms) = preSolution
		Debug|Any CPU = Debug|Any CPU
		Debug|x64 = Debug|x64
		Debug|x86 = Debug|x86
		Release|Any CPU = Release|Any CPU
		Release|x64 = Release|x64
		Release|x86 = Release|x86
	EndGlobalSection
	GlobalSection(ProjectConfigurationPlatforms) = postSolution
		{6027EDCD-05B9-4805-A721-702156BE0353}.Debug|Any CPU.ActiveCfg = Debug|Any CPU
		{6027EDCD-05B9-4805-A721-702156BE0353}.Debug|Any CPU.Build.0 = Debug|Any CPU
		{6027EDCD-05B9-4805-A721-702156BE0353}.Debug|x64.ActiveCfg = Debug|Any CPU
		{6027EDCD-05B9-4805-A721-702156BE0353}.Debug|x64.Build.0 = Debug|Any CPU
		{6027EDCD-05B9-4805-A721-702156BE0353}.Debug|x86.ActiveCfg = Debug|x86
		{6027EDCD-05B9-4805-A721-702156BE0353}.Debug|x86.Build.0 = Debug|x86
		{6027EDCD-05B9-4805-A721-702156BE0353}.Release|Any CPU.ActiveCfg = Release|Any CPU
		{6027EDCD-05B9-4805-A721-702156BE0353}.Release|Any CPU.Build.0 = Release|Any CPU
		{6027EDCD-05B9-4805-A721-702156BE0353}.Release|x64.ActiveCfg = Release|x64
		{6027EDCD-05B9-4805-A721-702156BE0353}.Release|x64.Build.0 = Release|x64
		{6027EDCD-05B9-4805-A721-702156BE0353}.Release|x86.ActiveCfg = Release|x86
		{6027EDCD-05B9-4805-A721-702156BE0353}.Release|x86.Build.0 = Release|x86
		{6003A332-529E-4F66-83AE-D56C04EEC0A8}.Debug|Any CPU.ActiveCfg = Debug|Any CPU
		{6003A332-529E-4F66-83AE-D56C04EEC0A8}.Debug|Any CPU.Build.0 = Debug|Any CPU
		{6003A332-529E-4F66-83AE-D56C04EEC0A8}.Debug|x64.ActiveCfg = Debug|Any CPU
		{6003A332-529E-4F66-83AE-D56C04EEC0A8}.Debug|x64.Build.0 = Debug|Any CPU
		{6003A332-529E-4F66-83AE-D56C04EEC0A8}.Debug|x86.ActiveCfg = Debug|x86
		{6003A332-529E-4F66-83AE-D56C04EEC0A8}.Debug|x86.Build.0 = Debug|x86
		{6003A332-529E-4F66-83AE-D56C04EEC0A8}.Release|Any CPU.ActiveCfg = Release|Any CPU
		{6003A332-529E-4F66-83AE-D56C04EEC0A8}.Release|Any CPU.Build.0 = Release|Any CPU
		{6003A332-529E-4F66-83AE-D56C04EEC0A8}.Release|x64.ActiveCfg = Release|x64
		{6003A332-529E-4F66-83AE-D56C04EEC0A8}.Release|x64.Build.0 = Release|x64
		{6003A332-529E-4F66-83AE-D56C04EEC0A8}.Release|x86.ActiveCfg = Release|x86
		{6003A332-529E-4F66-83AE-D56C04EEC0A8}.Release|x86.Build.0 = Release|x86
		{D1681B9D-7A3D-4692-A3F7-8D4437920FB8}.Debug|Any CPU.ActiveCfg = Debug|Any CPU
		{D1681B9D-7A3D-4692-A3F7-8D4437920FB8}.Debug|Any CPU.Build.0 = Debug|Any CPU
		{D1681B9D-7A3D-4692-A3F7-8D4437920FB8}.Debug|x64.ActiveCfg = Debug|Any CPU
		{D1681B9D-7A3D-4692-A3F7-8D4437920FB8}.Debug|x64.Build.0 = Debug|Any CPU
		{D1681B9D-7A3D-4692-A3F7-8D4437920FB8}.Debug|x86.ActiveCfg = Debug|x86
		{D1681B9D-7A3D-4692-A3F7-8D4437920FB8}.Debug|x86.Build.0 = Debug|x86
		{D1681B9D-7A3D-4692-A3F7-8D4437920FB8}.Release|Any CPU.ActiveCfg = Release|Any CPU
		{D1681B9D-7A3D-4692-A3F7-8D4437920FB8}.Release|Any CPU.Build.0 = Release|Any CPU
		{D1681B9D-7A3D-4692-A3F7-8D4437920FB8}.Release|x64.ActiveCfg = Release|x64
		{D1681B9D-7A3D-4692-A3F7-8D4437920FB8}.Release|x64.Build.0 = Release|x64
		{D1681B9D-7A3D-4692-A3F7-8D4437920FB8}.Release|x86.ActiveCfg = Release|x86
		{D1681B9D-7A3D-4692-A3F7-8D4437920FB8}.Release|x86.Build.0 = Release|x86
		{3F2B7FC7-E653-4DF0-BDDC-C16E23B702FE}.Debug|Any CPU.ActiveCfg = Debug|Any CPU
		{3F2B7FC7-E653-4DF0-BDDC-C16E23B702FE}.Debug|Any CPU.Build.0 = Debug|Any CPU
		{3F2B7FC7-E653-4DF0-BDDC-C16E23B702FE}.Debug|x64.ActiveCfg = Debug|Any CPU
		{3F2B7FC7-E653-4DF0-BDDC-C16E23B702FE}.Debug|x64.Build.0 = Debug|Any CPU
		{3F2B7FC7-E653-4DF0-BDDC-C16E23B702FE}.Debug|x86.ActiveCfg = Debug|Any CPU
		{3F2B7FC7-E653-4DF0-BDDC-C16E23B702FE}.Debug|x86.Build.0 = Debug|Any CPU
		{3F2B7FC7-E653-4DF0-BDDC-C16E23B702FE}.Release|Any CPU.ActiveCfg = Release|Any CPU
		{3F2B7FC7-E653-4DF0-BDDC-C16E23B702FE}.Release|Any CPU.Build.0 = Release|Any CPU
		{3F2B7FC7-E653-4DF0-BDDC-C16E23B702FE}.Release|x64.ActiveCfg = Release|x64
		{3F2B7FC7-E653-4DF0-BDDC-C16E23B702FE}.Release|x64.Build.0 = Release|x64
		{3F2B7FC7-E653-4DF0-BDDC-C16E23B702FE}.Release|x86.ActiveCfg = Release|Any CPU
		{3F2B7FC7-E653-4DF0-BDDC-C16E23B702FE}.Release|x86.Build.0 = Release|Any CPU
		{52DC713F-3441-483B-BD5B-E688A5DED467}.Debug|Any CPU.ActiveCfg = Debug|Any CPU
		{52DC713F-3441-483B-BD5B-E688A5DED467}.Debug|Any CPU.Build.0 = Debug|Any CPU
		{52DC713F-3441-483B-BD5B-E688A5DED467}.Debug|x64.ActiveCfg = Debug|Any CPU
		{52DC713F-3441-483B-BD5B-E688A5DED467}.Debug|x64.Build.0 = Debug|Any CPU
		{52DC713F-3441-483B-BD5B-E688A5DED467}.Debug|x86.ActiveCfg = Debug|Any CPU
		{52DC713F-3441-483B-BD5B-E688A5DED467}.Debug|x86.Build.0 = Debug|Any CPU
		{52DC713F-3441-483B-BD5B-E688A5DED467}.Release|Any CPU.ActiveCfg = Release|Any CPU
		{52DC713F-3441-483B-BD5B-E688A5DED467}.Release|Any CPU.Build.0 = Release|Any CPU
		{52DC713F-3441-483B-BD5B-E688A5DED467}.Release|x64.ActiveCfg = Release|Any CPU
		{52DC713F-3441-483B-BD5B-E688A5DED467}.Release|x64.Build.0 = Release|Any CPU
		{52DC713F-3441-483B-BD5B-E688A5DED467}.Release|x86.ActiveCfg = Release|Any CPU
		{52DC713F-3441-483B-BD5B-E688A5DED467}.Release|x86.Build.0 = Release|Any CPU
		{9BEA4171-9CAC-4EF9-9FD2-BA9832953C1E}.Debug|Any CPU.ActiveCfg = Debug|Any CPU
		{9BEA4171-9CAC-4EF9-9FD2-BA9832953C1E}.Debug|Any CPU.Build.0 = Debug|Any CPU
		{9BEA4171-9CAC-4EF9-9FD2-BA9832953C1E}.Debug|x64.ActiveCfg = Debug|Any CPU
		{9BEA4171-9CAC-4EF9-9FD2-BA9832953C1E}.Debug|x64.Build.0 = Debug|Any CPU
		{9BEA4171-9CAC-4EF9-9FD2-BA9832953C1E}.Debug|x86.ActiveCfg = Debug|Any CPU
		{9BEA4171-9CAC-4EF9-9FD2-BA9832953C1E}.Debug|x86.Build.0 = Debug|Any CPU
		{9BEA4171-9CAC-4EF9-9FD2-BA9832953C1E}.Release|Any CPU.ActiveCfg = Release|Any CPU
		{9BEA4171-9CAC-4EF9-9FD2-BA9832953C1E}.Release|Any CPU.Build.0 = Release|Any CPU
		{9BEA4171-9CAC-4EF9-9FD2-BA9832953C1E}.Release|x64.ActiveCfg = Release|Any CPU
		{9BEA4171-9CAC-4EF9-9FD2-BA9832953C1E}.Release|x64.Build.0 = Release|Any CPU
		{9BEA4171-9CAC-4EF9-9FD2-BA9832953C1E}.Release|x86.ActiveCfg = Release|Any CPU
		{9BEA4171-9CAC-4EF9-9FD2-BA9832953C1E}.Release|x86.Build.0 = Release|Any CPU
		{A55B80A2-B83C-4BEB-8D09-D334BDED98DC}.Debug|Any CPU.ActiveCfg = Debug|Any CPU
		{A55B80A2-B83C-4BEB-8D09-D334BDED98DC}.Debug|Any CPU.Build.0 = Debug|Any CPU
		{A55B80A2-B83C-4BEB-8D09-D334BDED98DC}.Debug|x64.ActiveCfg = Debug|Any CPU
		{A55B80A2-B83C-4BEB-8D09-D334BDED98DC}.Debug|x64.Build.0 = Debug|Any CPU
		{A55B80A2-B83C-4BEB-8D09-D334BDED98DC}.Debug|x86.ActiveCfg = Debug|Any CPU
		{A55B80A2-B83C-4BEB-8D09-D334BDED98DC}.Debug|x86.Build.0 = Debug|Any CPU
		{A55B80A2-B83C-4BEB-8D09-D334BDED98DC}.Release|Any CPU.ActiveCfg = Release|Any CPU
		{A55B80A2-B83C-4BEB-8D09-D334BDED98DC}.Release|Any CPU.Build.0 = Release|Any CPU
		{A55B80A2-B83C-4BEB-8D09-D334BDED98DC}.Release|x64.ActiveCfg = Release|Any CPU
		{A55B80A2-B83C-4BEB-8D09-D334BDED98DC}.Release|x64.Build.0 = Release|Any CPU
		{A55B80A2-B83C-4BEB-8D09-D334BDED98DC}.Release|x86.ActiveCfg = Release|Any CPU
		{A55B80A2-B83C-4BEB-8D09-D334BDED98DC}.Release|x86.Build.0 = Release|Any CPU
		{B2D1688F-E7B8-44F3-94AB-A2D61EC4751F}.Debug|Any CPU.ActiveCfg = Debug|Any CPU
		{B2D1688F-E7B8-44F3-94AB-A2D61EC4751F}.Debug|Any CPU.Build.0 = Debug|Any CPU
		{B2D1688F-E7B8-44F3-94AB-A2D61EC4751F}.Debug|x64.ActiveCfg = Debug|Any CPU
		{B2D1688F-E7B8-44F3-94AB-A2D61EC4751F}.Debug|x64.Build.0 = Debug|Any CPU
		{B2D1688F-E7B8-44F3-94AB-A2D61EC4751F}.Debug|x86.ActiveCfg = Debug|Any CPU
		{B2D1688F-E7B8-44F3-94AB-A2D61EC4751F}.Debug|x86.Build.0 = Debug|Any CPU
		{B2D1688F-E7B8-44F3-94AB-A2D61EC4751F}.Release|Any CPU.ActiveCfg = Release|Any CPU
		{B2D1688F-E7B8-44F3-94AB-A2D61EC4751F}.Release|Any CPU.Build.0 = Release|Any CPU
		{B2D1688F-E7B8-44F3-94AB-A2D61EC4751F}.Release|x64.ActiveCfg = Release|Any CPU
		{B2D1688F-E7B8-44F3-94AB-A2D61EC4751F}.Release|x64.Build.0 = Release|Any CPU
		{B2D1688F-E7B8-44F3-94AB-A2D61EC4751F}.Release|x86.ActiveCfg = Release|Any CPU
		{B2D1688F-E7B8-44F3-94AB-A2D61EC4751F}.Release|x86.Build.0 = Release|Any CPU
		{FBC66F9E-395B-4665-98F3-ACBAEA7F6426}.Debug|Any CPU.ActiveCfg = Debug
		{FBC66F9E-395B-4665-98F3-ACBAEA7F6426}.Debug|x64.ActiveCfg = Debug
		{FBC66F9E-395B-4665-98F3-ACBAEA7F6426}.Debug|x86.ActiveCfg = Debug
		{FBC66F9E-395B-4665-98F3-ACBAEA7F6426}.Release|Any CPU.ActiveCfg = Release
		{FBC66F9E-395B-4665-98F3-ACBAEA7F6426}.Release|x64.ActiveCfg = Release
		{FBC66F9E-395B-4665-98F3-ACBAEA7F6426}.Release|x86.ActiveCfg = Release
	EndGlobalSection
	GlobalSection(SolutionProperties) = preSolution
		HideSolutionNode = FALSE
	EndGlobalSection
	GlobalSection(NestedProjects) = preSolution
		{6027EDCD-05B9-4805-A721-702156BE0353} = {D8D25F19-6B3D-457D-8985-BE1126E6A700}
		{6003A332-529E-4F66-83AE-D56C04EEC0A8} = {38EAB546-BC48-4829-BFF5-7DF906BD997A}
		{D1681B9D-7A3D-4692-A3F7-8D4437920FB8} = {38EAB546-BC48-4829-BFF5-7DF906BD997A}
		{3F2B7FC7-E653-4DF0-BDDC-C16E23B702FE} = {38EAB546-BC48-4829-BFF5-7DF906BD997A}
		{52DC713F-3441-483B-BD5B-E688A5DED467} = {38EAB546-BC48-4829-BFF5-7DF906BD997A}
		{9BEA4171-9CAC-4EF9-9FD2-BA9832953C1E} = {38EAB546-BC48-4829-BFF5-7DF906BD997A}
		{A55B80A2-B83C-4BEB-8D09-D334BDED98DC} = {38EAB546-BC48-4829-BFF5-7DF906BD997A}
		{B2D1688F-E7B8-44F3-94AB-A2D61EC4751F} = {38EAB546-BC48-4829-BFF5-7DF906BD997A}
	EndGlobalSection
	GlobalSection(ExtensibilityGlobals) = postSolution
		SolutionGuid = {1FAF7A19-C343-4910-A26D-08CB0A88290C}
	EndGlobalSection
EndGlobal
